{
  "name": "app-sync-kit",
  "version": "0.1.0",
  "lockfileVersion": 3,
  "requires": true,
  "packages": {
    "": {
      "name": "app-sync-kit",
      "version": "0.1.0",
      "workspaces": [
        "packages/*"
      ],
      "devDependencies": {
        "typescript": "^5.9.2"
      }
    },
    "node_modules/@app-sync-kit/adapter-life-plan": {
      "resolved": "packages/adapter-life-plan",
      "link": true
    },
    "node_modules/@app-sync-kit/adapter-wheel-app": {
      "resolved": "packages/adapter-wheel-app",
      "link": true
    },
    "node_modules/@app-sync-kit/provider-http-api": {
      "resolved": "packages/provider-http-api",
      "link": true
    },
    "node_modules/@app-sync-kit/provider-webdav": {
      "resolved": "packages/provider-webdav",
      "link": true
    },
    "node_modules/@app-sync-kit/sync-core": {
      "resolved": "packages/sync-core",
      "link": true
    },
    "node_modules/typescript": {
      "version": "5.9.3",
      "resolved": "https://registry.npmmirror.com/typescript/-/typescript-5.9.3.tgz",
      "integrity": "sha512-jl1vZzPDinLr9eUt3J/t7V6FgNEw9QjvBPdysz9KfQDD41fQrC2Y4vKQdiaUpFT4bXlb1RHhLpp8wtm6M5TgSw==",
      "dev": true,
      "bin": {
        "tsc": "bin/tsc",
        "tsserver": "bin/tsserver"
      },
      "engines": {
        "node": ">=14.17"
      }
    },
    "packages/adapter-life-plan": {
      "name": "@app-sync-kit/adapter-life-plan",
      "version": "0.1.0",
      "dependencies": {
        "@app-sync-kit/sync-core": "0.1.0"
      }
    },
    "packages/adapter-wheel-app": {
      "name": "@app-sync-kit/adapter-wheel-app",
      "version": "0.1.0",
      "dependencies": {
        "@app-sync-kit/sync-core": "0.1.0"
      }
    },
    "packages/provider-http-api": {
      "name": "@app-sync-kit/provider-http-api",
      "version": "0.1.0",
      "dependencies": {
        "@app-sync-kit/sync-core": "0.1.0"
      }
    },
    "packages/provider-webdav": {
      "name": "@app-sync-kit/provider-webdav",
      "version": "0.1.0",
      "dependencies": {
        "@app-sync-kit/sync-core": "0.1.0"
      }
    },
    "packages/sync-core": {
      "name": "@app-sync-kit/sync-core",
      "version": "0.1.0"
    }
  }
}
